
Microsoft Visual Studio Solution File, Format Version 12.00
# Visual Studio Version 16
VisualStudioVersion = 16.0.29509.3
MinimumVisualStudioVersion = 10.0.40219.1
Project("{9A19103F-16F7-4668-BE54-9A1E7A4F7556}") = "PersonStudiesAPIv2", "PersonStudiesAPIv2.csproj", "{63093D02-F4FD-4692-8EDF-14A8D725ED65}"
EndProject
Global
	GlobalSection(SolutionConfigurationPlatforms) = preSolution
		Debug|Any CPU = Debug|Any CPU
		Release|Any CPU = Release|Any CPU
	EndGlobalSection
	GlobalSection(ProjectConfigurationPlatforms) = postSolution
		{63093D02-F4FD-4692-8EDF-14A8D725ED65}.Debug|Any CPU.ActiveCfg = Debug|Any CPU
		{63093D02-F4FD-4692-8EDF-14A8D725ED65}.Debug|Any CPU.Build.0 = Debug|Any CPU
		{63093D02-F4FD-4692-8EDF-14A8D725ED65}.Release|Any CPU.ActiveCfg = Release|Any CPU
		{63093D02-F4FD-4692-8EDF-14A8D725ED65}.Release|Any CPU.Build.0 = Release|Any CPU
	EndGlobalSection
	GlobalSection(SolutionProperties) = preSolution
		HideSolutionNode = FALSE
	EndGlobalSection
	GlobalSection(ExtensibilityGlobals) = postSolution
		SolutionGuid = {095F83D8-E7B5-4ECD-A5D2-4119A062447F}
	EndGlobalSection
EndGlobal
